
Microsoft Visual Studio Solution File, Format Version 12.00
# Visual Studio 14
VisualStudioVersion = 14.0.25420.1
MinimumVisualStudioVersion = 10.0.40219.1
Project("{FAE04EC0-301F-11D3-BF4B-00C04F79EFBC}") = "nslookup2csv", "nslookup2csv\nslookup2csv.csproj", "{82DA8AB7-18CB-47FD-A796-E4F54EA73AAB}"
EndProject
Project("{FAE04EC0-301F-11D3-BF4B-00C04F79EFBC}") = "UnitTest", "UnitTest\UnitTest.csproj", "{140EEE72-CCEA-408B-97A6-BB44EECB69C4}"
EndProject
Global
	GlobalSection(SolutionConfigurationPlatforms) = preSolution
		Debug|Any CPU = Debug|Any CPU
		Release|Any CPU = Release|Any CPU
	EndGlobalSection
	GlobalSection(ProjectConfigurationPlatforms) = postSolution
		{82DA8AB7-18CB-47FD-A796-E4F54EA73AAB}.Debug|Any CPU.ActiveCfg = Debug|Any CPU
		{82DA8AB7-18CB-47FD-A796-E4F54EA73AAB}.Debug|Any CPU.Build.0 = Debug|Any CPU
		{82DA8AB7-18CB-47FD-A796-E4F54EA73AAB}.Release|Any CPU.ActiveCfg = Release|Any CPU
		{82DA8AB7-18CB-47FD-A796-E4F54EA73AAB}.Release|Any CPU.Build.0 = Release|Any CPU
		{140EEE72-CCEA-408B-97A6-BB44EECB69C4}.Debug|Any CPU.ActiveCfg = Debug|Any CPU
		{140EEE72-CCEA-408B-97A6-BB44EECB69C4}.Debug|Any CPU.Build.0 = Debug|Any CPU
		{140EEE72-CCEA-408B-97A6-BB44EECB69C4}.Release|Any CPU.ActiveCfg = Release|Any CPU
		{140EEE72-CCEA-408B-97A6-BB44EECB69C4}.Release|Any CPU.Build.0 = Release|Any CPU
	EndGlobalSection
	GlobalSection(SolutionProperties) = preSolution
		HideSolutionNode = FALSE
	EndGlobalSection
EndGlobal
